// !$*UTF8*$!
{
	archiveVersion = 1;
	classes = {
	};
	objectVersion = 56;
	objects = {

/* Begin PBXBuildFile section */
		520784E229D3C8FD0080CAA7 /* Ltihan7_PrototypingApp.swift in Sources */ = {isa = PBXBuildFile; fileRef = 520784E129D3C8FD0080CAA7 /* Ltihan7_PrototypingApp.swift */; };
		520784E429D3C8FD0080CAA7 /* MainView.swift in Sources */ = {isa = PBXBuildFile; fileRef = 520784E329D3C8FD0080CAA7 /* MainView.swift */; };
		520784E629D3C8FF0080CAA7 /* Assets.xcassets in Resources */ = {isa = PBXBuildFile; fileRef = 520784E529D3C8FF0080CAA7 /* Assets.xcassets */; };
		520784E929D3C8FF0080CAA7 /* Preview Assets.xcassets in Resources */ = {isa = PBXBuildFile; fileRef = 520784E829D3C8FF0080CAA7 /* Preview Assets.xcassets */; };
		520784F129D3CC300080CAA7 /* Article.swift in Sources */ = {isa = PBXBuildFile; fileRef = 520784F029D3CC300080CAA7 /* Article.swift */; };
		520784F329D3CD090080CAA7 /* ArticleListView.swift in Sources */ = {isa = PBXBuildFile; fileRef = 520784F229D3CD090080CAA7 /* ArticleListView.swift */; };
		5207850029D51D370080CAA7 /* Settings.swift in Sources */ = {isa = PBXBuildFile; fileRef = 520784FF29D51D370080CAA7 /* Settings.swift */; };
		52CAC24129D66CEE0032713F /* Loan.swift in Sources */ = {isa = PBXBuildFile; fileRef = 52CAC24029D66CEE0032713F /* Loan.swift */; };
		52CAC24329D670F90032713F /* LoanStore.swift in Sources */ = {isa = PBXBuildFile; fileRef = 52CAC24229D670F90032713F /* LoanStore.swift */; };
		52CAC24729D676C20032713F /* loanRowView.swift in Sources */ = {isa = PBXBuildFile; fileRef = 52CAC24629D676C20032713F /* loanRowView.swift */; };
		52CAC24929D67AFF0032713F /* LoanListView.swift in Sources */ = {isa = PBXBuildFile; fileRef = 52CAC24829D67AFF0032713F /* LoanListView.swift */; };
/* End PBXBuildFile section */

/* Begin PBXFileReference section */
		520784DE29D3C8FD0080CAA7 /* Ltihan7-Prototyping.app */ = {isa = PBXFileReference; explicitFileType = wrapper.application; includeInIndex = 0; path = "Ltihan7-Prototyping.app"; sourceTree = BUILT_PRODUCTS_DIR; };
		520784E129D3C8FD0080CAA7 /* Ltihan7_PrototypingApp.swift */ = {isa = PBXFileReference; lastKnownFileType = sourcecode.swift; path = Ltihan7_PrototypingApp.swift; sourceTree = "<group>"; };
		520784E329D3C8FD0080CAA7 /* MainView.swift */ = {isa = PBXFileReference; lastKnownFileType = sourcecode.swift; path = MainView.swift; sourceTree = "<group>"; };
		520784E529D3C8FF0080CAA7 /* Assets.xcassets */ = {isa = PBXFileReference; lastKnownFileType = folder.assetcatalog; path = Assets.xcassets; sourceTree = "<group>"; };
		520784E829D3C8FF0080CAA7 /* Preview Assets.xcassets */ = {isa = PBXFileReference; lastKnownFileType = folder.assetcatalog; path = "Preview Assets.xcassets"; sourceTree = "<group>"; };
		520784F029D3CC300080CAA7 /* Article.swift */ = {isa = PBXFileReference; lastKnownFileType = sourcecode.swift; path = Article.swift; sourceTree = "<group>"; };
		520784F229D3CD090080CAA7 /* ArticleListView.swift */ = {isa = PBXFileReference; lastKnownFileType = sourcecode.swift; path = ArticleListView.swift; sourceTree = "<group>"; };
		520784FF29D51D370080CAA7 /* Settings.swift */ = {isa = PBXFileReference; lastKnownFileType = sourcecode.swift; path = Settings.swift; sourceTree = "<group>"; };
		52CAC24029D66CEE0032713F /* Loan.swift */ = {isa = PBXFileReference; lastKnownFileType = sourcecode.swift; path = Loan.swift; sourceTree = "<group>"; };
		52CAC24229D670F90032713F /* LoanStore.swift */ = {isa = PBXFileReference; lastKnownFileType = sourcecode.swift; path = LoanStore.swift; sourceTree = "<group>"; };
		52CAC24629D676C20032713F /* loanRowView.swift */ = {isa = PBXFileReference; lastKnownFileType = sourcecode.swift; path = loanRowView.swift; sourceTree = "<group>"; };
		52CAC24829D67AFF0032713F /* LoanListView.swift */ = {isa = PBXFileReference; lastKnownFileType = sourcecode.swift; path = LoanListView.swift; sourceTree = "<group>"; };
/* End PBXFileReference section */

/* Begin PBXFrameworksBuildPhase section */
		520784DB29D3C8FD0080CAA7 /* Frameworks */ = {
			isa = PBXFrameworksBuildPhase;
			buildActionMask = 2147483647;
			files = (
			);
			runOnlyForDeploymentPostprocessing = 0;
		};
/* End PBXFrameworksBuildPhase section */

/* Begin PBXGroup section */
		520784D529D3C8FD0080CAA7 = {
			isa = PBXGroup;
			children = (
				520784E029D3C8FD0080CAA7 /* Ltihan7-Prototyping */,
				520784DF29D3C8FD0080CAA7 /* Products */,
			);
			sourceTree = "<group>";
		};
		520784DF29D3C8FD0080CAA7 /* Products */ = {
			isa = PBXGroup;
			children = (
				520784DE29D3C8FD0080CAA7 /* Ltihan7-Prototyping.app */,
			);
			name = Products;
			sourceTree = "<group>";
		};
		520784E029D3C8FD0080CAA7 /* Ltihan7-Prototyping */ = {
			isa = PBXGroup;
			children = (
				520784F429D3CD140080CAA7 /* View */,
				520784EF29D3CC0A0080CAA7 /* Models */,
				520784E129D3C8FD0080CAA7 /* Ltihan7_PrototypingApp.swift */,
				520784E329D3C8FD0080CAA7 /* MainView.swift */,
				520784E529D3C8FF0080CAA7 /* Assets.xcassets */,
				520784E729D3C8FF0080CAA7 /* Preview Content */,
			);
			path = "Ltihan7-Prototyping";
			sourceTree = "<group>";
		};
		520784E729D3C8FF0080CAA7 /* Preview Content */ = {
			isa = PBXGroup;
			children = (
				520784E829D3C8FF0080CAA7 /* Preview Assets.xcassets */,
			);
			path = "Preview Content";
			sourceTree = "<group>";
		};
		520784EF29D3CC0A0080CAA7 /* Models */ = {
			isa = PBXGroup;
			children = (
				520784F029D3CC300080CAA7 /* Article.swift */,
				52CAC24029D66CEE0032713F /* Loan.swift */,
				52CAC24229D670F90032713F /* LoanStore.swift */,
			);
			path = Models;
			sourceTree = "<group>";
		};
		520784F429D3CD140080CAA7 /* View */ = {
			isa = PBXGroup;
			children = (
				520784F229D3CD090080CAA7 /* ArticleListView.swift */,
				520784FF29D51D370080CAA7 /* Settings.swift */,
				52CAC24629D676C20032713F /* loanRowView.swift */,
				52CAC24829D67AFF0032713F /* LoanListView.swift */,
			);
			path = View;
			sourceTree = "<group>";
		};
/* End PBXGroup section */

/* Begin PBXNativeTarget section */
		520784DD29D3C8FD0080CAA7 /* Ltihan7-Prototyping */ = {
			isa = PBXNativeTarget;
			buildConfigurationList = 520784EC29D3C8FF0080CAA7 /* Build configuration list for PBXNativeTarget "Ltihan7-Prototyping" */;
			buildPhases = (
				520784DA29D3C8FD0080CAA7 /* Sources */,
				520784DB29D3C8FD0080CAA7 /* Frameworks */,
				520784DC29D3C8FD0080CAA7 /* Resources */,
			);
			buildRules = (
			);
			dependencies = (
			);
			name = "Ltihan7-Prototyping";
			productName = "Ltihan7-Prototyping";
			productReference = 520784DE29D3C8FD0080CAA7 /* Ltihan7-Prototyping.app */;
			productType = "com.apple.product-type.application";
		};
/* End PBXNativeTarget section */

/* Begin PBXProject section */
		520784D629D3C8FD0080CAA7 /* Project object */ = {
			isa = PBXProject;
			attributes = {
				BuildIndependentTargetsInParallel = 1;
				LastSwiftUpdateCheck = 1420;
				LastUpgradeCheck = 1420;
				TargetAttributes = {
					520784DD29D3C8FD0080CAA7 = {
						CreatedOnToolsVersion = 14.2;
					};
				};
			};
			buildConfigurationList = 520784D929D3C8FD0080CAA7 /* Build configuration list for PBXProject "Ltihan7-Prototyping" */;
			compatibilityVersion = "Xcode 14.0";
			developmentRegion = en;
			hasScannedForEncodings = 0;
			knownRegions = (
				en,
				Base,
			);
			mainGroup = 520784D529D3C8FD0080CAA7;
			productRefGroup = 520784DF29D3C8FD0080CAA7 /* Products */;
			projectDirPath = "";
			projectRoot = "";
			targets = (
				520784DD29D3C8FD0080CAA7 /* Ltihan7-Prototyping */,
			);
		};
/* End PBXProject section */

/* Begin PBXResourcesBuildPhase section */
		520784DC29D3C8FD0080CAA7 /* Resources */ = {
			isa = PBXResourcesBuildPhase;
			buildActionMask = 2147483647;
			files = (
				520784E929D3C8FF0080CAA7 /* Preview Assets.xcassets in Resources */,
				520784E629D3C8FF0080CAA7 /* Assets.xcassets in Resources */,
			);
			runOnlyForDeploymentPostprocessing = 0;
		};
/* End PBXResourcesBuildPhase section */

/* Begin PBXSourcesBuildPhase section */
		520784DA29D3C8FD0080CAA7 /* Sources */ = {
			isa = PBXSourcesBuildPhase;
			buildActionMask = 2147483647;
			files = (
				520784E429D3C8FD0080CAA7 /* MainView.swift in Sources */,
				52CAC24729D676C20032713F /* loanRowView.swift in Sources */,
				52CAC24129D66CEE0032713F /* Loan.swift in Sources */,
				52CAC24929D67AFF0032713F /* LoanListView.swift in Sources */,
				520784E229D3C8FD0080CAA7 /* Ltihan7_PrototypingApp.swift in Sources */,
				520784F129D3CC300080CAA7 /* Article.swift in Sources */,
				520784F329D3CD090080CAA7 /* ArticleListView.swift in Sources */,
				5207850029D51D370080CAA7 /* Settings.swift in Sources */,
				52CAC24329D670F90032713F /* LoanStore.swift in Sources */,
			);
			runOnlyForDeploymentPostprocessing = 0;
		};
/* End PBXSourcesBuildPhase section */

/* Begin XCBuildConfiguration section */
		520784EA29D3C8FF0080CAA7 /* Debug */ = {
			isa = XCBuildConfiguration;
			buildSettings = {
				ALWAYS_SEARCH_USER_PATHS = NO;
				CLANG_ANALYZER_NONNULL = YES;
				CLANG_ANALYZER_NUMBER_OBJECT_CONVERSION = YES_AGGRESSIVE;
				CLANG_CXX_LANGUAGE_STANDARD = "gnu++20";
				CLANG_ENABLE_MODULES = YES;
				CLANG_ENABLE_OBJC_ARC = YES;
				CLANG_ENABLE_OBJC_WEAK = YES;
				CLANG_WARN_BLOCK_CAPTURE_AUTORELEASING = YES;
				CLANG_WARN_BOOL_CONVERSION = YES;
				CLANG_WARN_COMMA = YES;
				CLANG_WARN_CONSTANT_CONVERSION = YES;
				CLANG_WARN_DEPRECATED_OBJC_IMPLEMENTATIONS = YES;
				CLANG_WARN_DIRECT_OBJC_ISA_USAGE = YES_ERROR;
				CLANG_WARN_DOCUMENTATION_COMMENTS = YES;
				CLANG_WARN_EMPTY_BODY = YES;
				CLANG_WARN_ENUM_CONVERSION = YES;
				CLANG_WARN_INFINITE_RECURSION = YES;
				CLANG_WARN_INT_CONVERSION = YES;
				CLANG_WARN_NON_LITERAL_NULL_CONVERSION = YES;
				CLANG_WARN_OBJC_IMPLICIT_RETAIN_SELF = YES;
				CLANG_WARN_OBJC_LITERAL_CONVERSION = YES;
				CLANG_WARN_OBJC_ROOT_CLASS = YES_ERROR;
				CLANG_WARN_QUOTED_INCLUDE_IN_FRAMEWORK_HEADER = YES;
				CLANG_WARN_RANGE_LOOP_ANALYSIS = YES;
				CLANG_WARN_STRICT_PROTOTYPES = YES;
				CLANG_WARN_SUSPICIOUS_MOVE = YES;
				CLANG_WARN_UNGUARDED_AVAILABILITY = YES_AGGRESSIVE;
				CLANG_WARN_UNREACHABLE_CODE = YES;
				CLANG_WARN__DUPLICATE_METHOD_MATCH = YES;
				COPY_PHASE_STRIP = NO;
				DEBUG_INFORMATION_FORMAT = dwarf;
				ENABLE_STRICT_OBJC_MSGSEND = YES;
				ENABLE_TESTABILITY = YES;
				GCC_C_LANGUAGE_STANDARD = gnu11;
				GCC_DYNAMIC_NO_PIC = NO;
				GCC_NO_COMMON_BLOCKS = YES;
				GCC_OPTIMIZATION_LEVEL = 0;
				GCC_PREPROCESSOR_DEFINITIONS = (
					"DEBUG=1",
					"$(inherited)",
				);
				GCC_WARN_64_TO_32_BIT_CONVERSION = YES;
				GCC_WARN_ABOUT_RETURN_TYPE = YES_ERROR;
				GCC_WARN_UNDECLARED_SELECTOR = YES;
				GCC_WARN_UNINITIALIZED_AUTOS = YES_AGGRESSIVE;
				GCC_WARN_UNUSED_FUNCTION = YES;
				GCC_WARN_UNUSED_VARIABLE = YES;
				IPHONEOS_DEPLOYMENT_TARGET = 16.2;
				MTL_ENABLE_DEBUG_INFO = INCLUDE_SOURCE;
				MTL_FAST_MATH = YES;
				ONLY_ACTIVE_ARCH = YES;
				SDKROOT = iphoneos;
				SWIFT_ACTIVE_COMPILATION_CONDITIONS = DEBUG;
				SWIFT_OPTIMIZATION_LEVEL = "-Onone";
			};
			name = Debug;
		};
		520784EB29D3C8FF0080CAA7 /* Release */ = {
			isa = XCBuildConfiguration;
			buildSettings = {
				ALWAYS_SEARCH_USER_PATHS = NO;
				CLANG_ANALYZER_NONNULL = YES;
				CLANG_ANALYZER_NUMBER_OBJECT_CONVERSION = YES_AGGRESSIVE;
				CLANG_CXX_LANGUAGE_STANDARD = "gnu++20";
				CLANG_ENABLE_MODULES = YES;
				CLANG_ENABLE_OBJC_ARC = YES;
				CLANG_ENABLE_OBJC_WEAK = YES;
				CLANG_WARN_BLOCK_CAPTURE_AUTORELEASING = YES;
				CLANG_WARN_BOOL_CONVERSION = YES;
				CLANG_WARN_COMMA = YES;
				CLANG_WARN_CONSTANT_CONVERSION = YES;
				CLANG_WARN_DEPRECATED_OBJC_IMPLEMENTATIONS = YES;
				CLANG_WARN_DIRECT_OBJC_ISA_USAGE = YES_ERROR;
				CLANG_WARN_DOCUMENTATION_COMMENTS = YES;
				CLANG_WARN_EMPTY_BODY = YES;
				CLANG_WARN_ENUM_CONVERSION = YES;
				CLANG_WARN_INFINITE_RECURSION = YES;
				CLANG_WARN_INT_CONVERSION = YES;
				CLANG_WARN_NON_LITERAL_NULL_CONVERSION = YES;
				CLANG_WARN_OBJC_IMPLICIT_RETAIN_SELF = YES;
				CLANG_WARN_OBJC_LITERAL_CONVERSION = YES;
				CLANG_WARN_OBJC_ROOT_CLASS = YES_ERROR;
				CLANG_WARN_QUOTED_INCLUDE_IN_FRAMEWORK_HEADER = YES;
				CLANG_WARN_RANGE_LOOP_ANALYSIS = YES;
				CLANG_WARN_STRICT_PROTOTYPES = YES;
				CLANG_WARN_SUSPICIOUS_MOVE = YES;
				CLANG_WARN_UNGUARDED_AVAILABILITY = YES_AGGRESSIVE;
				CLANG_WARN_UNREACHABLE_CODE = YES;
				CLANG_WARN__DUPLICATE_METHOD_MATCH = YES;
				COPY_PHASE_STRIP = NO;
				DEBUG_INFORMATION_FORMAT = "dwarf-with-dsym";
				ENABLE_NS_ASSERTIONS = NO;
				ENABLE_STRICT_OBJC_MSGSEND = YES;
				GCC_C_LANGUAGE_STANDARD = gnu11;
				GCC_NO_COMMON_BLOCKS = YES;
				GCC_WARN_64_TO_32_BIT_CONVERSION = YES;
				GCC_WARN_ABOUT_RETURN_TYPE = YES_ERROR;
				GCC_WARN_UNDECLARED_SELECTOR = YES;
				GCC_WARN_UNINITIALIZED_AUTOS = YES_AGGRESSIVE;
				GCC_WARN_UNUSED_FUNCTION = YES;
				GCC_WARN_UNUSED_VARIABLE = YES;
				IPHONEOS_DEPLOYMENT_TARGET = 16.2;
				MTL_ENABLE_DEBUG_INFO = NO;
				MTL_FAST_MATH = YES;
				SDKROOT = iphoneos;
				SWIFT_COMPILATION_MODE = wholemodule;
				SWIFT_OPTIMIZATION_LEVEL = "-O";
				VALIDATE_PRODUCT = YES;
			};
			name = Release;
		};
		520784ED29D3C8FF0080CAA7 /* Debug */ = {
			isa = XCBuildConfiguration;
			buildSettings = {
				ASSETCATALOG_COMPILER_APPICON_NAME = AppIcon;
				ASSETCATALOG_COMPILER_GLOBAL_ACCENT_COLOR_NAME = AccentColor;
				CODE_SIGN_STYLE = Automatic;
				CURRENT_PROJECT_VERSION = 1;
				DEVELOPMENT_ASSET_PATHS = "\"Ltihan7-Prototyping/Preview Content\"";
				ENABLE_PREVIEWS = YES;
				GENERATE_INFOPLIST_FILE = YES;
				INFOPLIST_KEY_UIApplicationSceneManifest_Generation = YES;
				INFOPLIST_KEY_UIApplicationSupportsIndirectInputEvents = YES;
				INFOPLIST_KEY_UILaunchScreen_Generation = YES;
				INFOPLIST_KEY_UISupportedInterfaceOrientations_iPad = "UIInterfaceOrientationPortrait UIInterfaceOrientationPortraitUpsideDown UIInterfaceOrientationLandscapeLeft UIInterfaceOrientationLandscapeRight";
				INFOPLIST_KEY_UISupportedInterfaceOrientations_iPhone = "UIInterfaceOrientationPortrait UIInterfaceOrientationLandscapeLeft UIInterfaceOrientationLandscapeRight";
				LD_RUNPATH_SEARCH_PATHS = (
					"$(inherited)",
					"@executable_path/Frameworks",
				);
				MARKETING_VERSION = 1.0;
				PRODUCT_BUNDLE_IDENTIFIER = "swieta.Ltihan7-Prototyping";
				PRODUCT_NAME = "$(TARGET_NAME)";
				SWIFT_EMIT_LOC_STRINGS = YES;
				SWIFT_VERSION = 5.0;
				TARGETED_DEVICE_FAMILY = "1,2";
			};
			name = Debug;
		};
		520784EE29D3C8FF0080CAA7 /* Release */ = {
			isa = XCBuildConfiguration;
			buildSettings = {
				ASSETCATALOG_COMPILER_APPICON_NAME = AppIcon;
				ASSETCATALOG_COMPILER_GLOBAL_ACCENT_COLOR_NAME = AccentColor;
				CODE_SIGN_STYLE = Automatic;
				CURRENT_PROJECT_VERSION = 1;
				DEVELOPMENT_ASSET_PATHS = "\"Ltihan7-Prototyping/Preview Content\"";
				ENABLE_PREVIEWS = YES;
				GENERATE_INFOPLIST_FILE = YES;
				INFOPLIST_KEY_UIApplicationSceneManifest_Generation = YES;
				INFOPLIST_KEY_UIApplicationSupportsIndirectInputEvents = YES;
				INFOPLIST_KEY_UILaunchScreen_Generation = YES;
				INFOPLIST_KEY_UISupportedInterfaceOrientations_iPad = "UIInterfaceOrientationPortrait UIInterfaceOrientationPortraitUpsideDown UIInterfaceOrientationLandscapeLeft UIInterfaceOrientationLandscapeRight";
				INFOPLIST_KEY_UISupportedInterfaceOrientations_iPhone = "UIInterfaceOrientationPortrait UIInterfaceOrientationLandscapeLeft UIInterfaceOrientationLandscapeRight";
				LD_RUNPATH_SEARCH_PATHS = (
					"$(inherited)",
					"@executable_path/Frameworks",
				);
				MARKETING_VERSION = 1.0;
				PRODUCT_BUNDLE_IDENTIFIER = "swieta.Ltihan7-Prototyping";
				PRODUCT_NAME = "$(TARGET_NAME)";
				SWIFT_EMIT_LOC_STRINGS = YES;
				SWIFT_VERSION = 5.0;
				TARGETED_DEVICE_FAMILY = "1,2";
			};
			name = Release;
		};
/* End XCBuildConfiguration section */

/* Begin XCConfigurationList section */
		520784D929D3C8FD0080CAA7 /* Build configuration list for PBXProject "Ltihan7-Prototyping" */ = {
			isa = XCConfigurationList;
			buildConfigurations = (
				520784EA29D3C8FF0080CAA7 /* Debug */,
				520784EB29D3C8FF0080CAA7 /* Release */,
			);
			defaultConfigurationIsVisible = 0;
			defaultConfigurationName = Release;
		};
		520784EC29D3C8FF0080CAA7 /* Build configuration list for PBXNativeTarget "Ltihan7-Prototyping" */ = {
			isa = XCConfigurationList;
			buildConfigurations = (
				520784ED29D3C8FF0080CAA7 /* Debug */,
				520784EE29D3C8FF0080CAA7 /* Release */,
			);
			defaultConfigurationIsVisible = 0;
			defaultConfigurationName = Release;
		};
/* End XCConfigurationList section */
	};
	rootObject = 520784D629D3C8FD0080CAA7 /* Project object */;
}
